
Microsoft Visual Studio Solution File, Format Version 12.00
# Visual Studio Version 17
VisualStudioVersion = 17.10.35004.147
MinimumVisualStudioVersion = 10.0.40219.1
Project("{FAE04EC0-301F-11D3-BF4B-00C04F79EFBC}") = "SetWallpaperAn", "SetWallpaperAn.csproj", "{9F266828-45E8-4CA0-AFBD-87B3CFB9168E}"
EndProject
Global
	GlobalSection(SolutionConfigurationPlatforms) = preSolution
		Debug|Any CPU = Debug|Any CPU
		Release|Any CPU = Release|Any CPU
	EndGlobalSection
	GlobalSection(ProjectConfigurationPlatforms) = postSolution
		{9F266828-45E8-4CA0-AFBD-87B3CFB9168E}.Debug|Any CPU.ActiveCfg = Debug|Any CPU
		{9F266828-45E8-4CA0-AFBD-87B3CFB9168E}.Debug|Any CPU.Build.0 = Debug|Any CPU
		{9F266828-45E8-4CA0-AFBD-87B3CFB9168E}.Release|Any CPU.ActiveCfg = Release|Any CPU
		{9F266828-45E8-4CA0-AFBD-87B3CFB9168E}.Release|Any CPU.Build.0 = Release|Any CPU
	EndGlobalSection
	GlobalSection(SolutionProperties) = preSolution
		HideSolutionNode = FALSE
	EndGlobalSection
	GlobalSection(ExtensibilityGlobals) = postSolution
		SolutionGuid = {766C45C0-698B-4ACF-822F-353079501148}
	EndGlobalSection
EndGlobal
